
Microsoft Visual Studio Solution File, Format Version 12.00
# Visual Studio Version 17
Project("{8BC9CEB8-8B4A-11D0-8D11-00A0C91BC942}") = "ALL_BUILD", "ALL_BUILD.vcxproj", "{2578427A-BB6A-3855-9CFC-298030236F26}"
	ProjectSection(ProjectDependencies) = postProject
		{4F877E2E-0E1C-3DB9-849A-45E6AA52DE92} = {4F877E2E-0E1C-3DB9-849A-45E6AA52DE92}
		{3103E30E-3ED4-3A54-88E0-F2EC0865D79E} = {3103E30E-3ED4-3A54-88E0-F2EC0865D79E}
		{2AF3E532-DFAF-3E12-AF85-272A2575DD91} = {2AF3E532-DFAF-3E12-AF85-272A2575DD91}
		{DE77D7C0-3F86-3B08-B53E-5054552D4A94} = {DE77D7C0-3F86-3B08-B53E-5054552D4A94}
		{71EBC2EE-2D91-3286-98D9-B5DA0036EC27} = {71EBC2EE-2D91-3286-98D9-B5DA0036EC27}
		{03621E3B-A833-38B5-BB09-D0E1741EF3BA} = {03621E3B-A833-38B5-BB09-D0E1741EF3BA}
	EndProjectSection
EndProject
Project("{8BC9CEB8-8B4A-11D0-8D11-00A0C91BC942}") = "INSTALL", "INSTALL.vcxproj", "{8C477AB6-AA65-3A3B-B403-3651A505EB5E}"
	ProjectSection(ProjectDependencies) = postProject
		{2578427A-BB6A-3855-9CFC-298030236F26} = {2578427A-BB6A-3855-9CFC-298030236F26}
		{4F877E2E-0E1C-3DB9-849A-45E6AA52DE92} = {4F877E2E-0E1C-3DB9-849A-45E6AA52DE92}
	EndProjectSection
EndProject
Project("{8BC9CEB8-8B4A-11D0-8D11-00A0C91BC942}") = "ZERO_CHECK", "ZERO_CHECK.vcxproj", "{4F877E2E-0E1C-3DB9-849A-45E6AA52DE92}"
	ProjectSection(ProjectDependencies) = postProject
	EndProjectSection
EndProject
Project("{8BC9CEB8-8B4A-11D0-8D11-00A0C91BC942}") = "gmock", "googletest\googlemock\gmock.vcxproj", "{3103E30E-3ED4-3A54-88E0-F2EC0865D79E}"
	ProjectSection(ProjectDependencies) = postProject
		{4F877E2E-0E1C-3DB9-849A-45E6AA52DE92} = {4F877E2E-0E1C-3DB9-849A-45E6AA52DE92}
	EndProjectSection
EndProject
Project("{8BC9CEB8-8B4A-11D0-8D11-00A0C91BC942}") = "gmock_main", "googletest\googlemock\gmock_main.vcxproj", "{2AF3E532-DFAF-3E12-AF85-272A2575DD91}"
	ProjectSection(ProjectDependencies) = postProject
		{4F877E2E-0E1C-3DB9-849A-45E6AA52DE92} = {4F877E2E-0E1C-3DB9-849A-45E6AA52DE92}
	EndProjectSection
EndProject
Project("{8BC9CEB8-8B4A-11D0-8D11-00A0C91BC942}") = "gtest", "googletest\googletest\gtest.vcxproj", "{DE77D7C0-3F86-3B08-B53E-5054552D4A94}"
	ProjectSection(ProjectDependencies) = postProject
		{4F877E2E-0E1C-3DB9-849A-45E6AA52DE92} = {4F877E2E-0E1C-3DB9-849A-45E6AA52DE92}
	EndProjectSection
EndProject
Project("{8BC9CEB8-8B4A-11D0-8D11-00A0C91BC942}") = "gtest_main", "googletest\googletest\gtest_main.vcxproj", "{71EBC2EE-2D91-3286-98D9-B5DA0036EC27}"
	ProjectSection(ProjectDependencies) = postProject
		{4F877E2E-0E1C-3DB9-849A-45E6AA52DE92} = {4F877E2E-0E1C-3DB9-849A-45E6AA52DE92}
		{DE77D7C0-3F86-3B08-B53E-5054552D4A94} = {DE77D7C0-3F86-3B08-B53E-5054552D4A94}
	EndProjectSection
EndProject
Project("{8BC9CEB8-8B4A-11D0-8D11-00A0C91BC942}") = "test", "test.vcxproj", "{03621E3B-A833-38B5-BB09-D0E1741EF3BA}"
	ProjectSection(ProjectDependencies) = postProject
		{4F877E2E-0E1C-3DB9-849A-45E6AA52DE92} = {4F877E2E-0E1C-3DB9-849A-45E6AA52DE92}
		{DE77D7C0-3F86-3B08-B53E-5054552D4A94} = {DE77D7C0-3F86-3B08-B53E-5054552D4A94}
	EndProjectSection
EndProject
Global
	GlobalSection(SolutionConfigurationPlatforms) = preSolution
		Debug|x64 = Debug|x64
		Release|x64 = Release|x64
		MinSizeRel|x64 = MinSizeRel|x64
		RelWithDebInfo|x64 = RelWithDebInfo|x64
	EndGlobalSection
	GlobalSection(ProjectConfigurationPlatforms) = postSolution
		{2578427A-BB6A-3855-9CFC-298030236F26}.Debug|x64.ActiveCfg = Debug|x64
		{2578427A-BB6A-3855-9CFC-298030236F26}.Debug|x64.Build.0 = Debug|x64
		{2578427A-BB6A-3855-9CFC-298030236F26}.Release|x64.ActiveCfg = Release|x64
		{2578427A-BB6A-3855-9CFC-298030236F26}.Release|x64.Build.0 = Release|x64
		{2578427A-BB6A-3855-9CFC-298030236F26}.MinSizeRel|x64.ActiveCfg = MinSizeRel|x64
		{2578427A-BB6A-3855-9CFC-298030236F26}.MinSizeRel|x64.Build.0 = MinSizeRel|x64
		{2578427A-BB6A-3855-9CFC-298030236F26}.RelWithDebInfo|x64.ActiveCfg = RelWithDebInfo|x64
		{2578427A-BB6A-3855-9CFC-298030236F26}.RelWithDebInfo|x64.Build.0 = RelWithDebInfo|x64
		{8C477AB6-AA65-3A3B-B403-3651A505EB5E}.Debug|x64.ActiveCfg = Debug|x64
		{8C477AB6-AA65-3A3B-B403-3651A505EB5E}.Release|x64.ActiveCfg = Release|x64
		{8C477AB6-AA65-3A3B-B403-3651A505EB5E}.MinSizeRel|x64.ActiveCfg = MinSizeRel|x64
		{8C477AB6-AA65-3A3B-B403-3651A505EB5E}.RelWithDebInfo|x64.ActiveCfg = RelWithDebInfo|x64
		{4F877E2E-0E1C-3DB9-849A-45E6AA52DE92}.Debug|x64.ActiveCfg = Debug|x64
		{4F877E2E-0E1C-3DB9-849A-45E6AA52DE92}.Debug|x64.Build.0 = Debug|x64
		{4F877E2E-0E1C-3DB9-849A-45E6AA52DE92}.Release|x64.ActiveCfg = Release|x64
		{4F877E2E-0E1C-3DB9-849A-45E6AA52DE92}.Release|x64.Build.0 = Release|x64
		{4F877E2E-0E1C-3DB9-849A-45E6AA52DE92}.MinSizeRel|x64.ActiveCfg = MinSizeRel|x64
		{4F877E2E-0E1C-3DB9-849A-45E6AA52DE92}.MinSizeRel|x64.Build.0 = MinSizeRel|x64
		{4F877E2E-0E1C-3DB9-849A-45E6AA52DE92}.RelWithDebInfo|x64.ActiveCfg = RelWithDebInfo|x64
		{4F877E2E-0E1C-3DB9-849A-45E6AA52DE92}.RelWithDebInfo|x64.Build.0 = RelWithDebInfo|x64
		{3103E30E-3ED4-3A54-88E0-F2EC0865D79E}.Debug|x64.ActiveCfg = Debug|x64
		{3103E30E-3ED4-3A54-88E0-F2EC0865D79E}.Debug|x64.Build.0 = Debug|x64
		{3103E30E-3ED4-3A54-88E0-F2EC0865D79E}.Release|x64.ActiveCfg = Release|x64
		{3103E30E-3ED4-3A54-88E0-F2EC0865D79E}.Release|x64.Build.0 = Release|x64
		{3103E30E-3ED4-3A54-88E0-F2EC0865D79E}.MinSizeRel|x64.ActiveCfg = MinSizeRel|x64
		{3103E30E-3ED4-3A54-88E0-F2EC0865D79E}.MinSizeRel|x64.Build.0 = MinSizeRel|x64
		{3103E30E-3ED4-3A54-88E0-F2EC0865D79E}.RelWithDebInfo|x64.ActiveCfg = RelWithDebInfo|x64
		{3103E30E-3ED4-3A54-88E0-F2EC0865D79E}.RelWithDebInfo|x64.Build.0 = RelWithDebInfo|x64
		{2AF3E532-DFAF-3E12-AF85-272A2575DD91}.Debug|x64.ActiveCfg = Debug|x64
		{2AF3E532-DFAF-3E12-AF85-272A2575DD91}.Debug|x64.Build.0 = Debug|x64
		{2AF3E532-DFAF-3E12-AF85-272A2575DD91}.Release|x64.ActiveCfg = Release|x64
		{2AF3E532-DFAF-3E12-AF85-272A2575DD91}.Release|x64.Build.0 = Release|x64
		{2AF3E532-DFAF-3E12-AF85-272A2575DD91}.MinSizeRel|x64.ActiveCfg = MinSizeRel|x64
		{2AF3E532-DFAF-3E12-AF85-272A2575DD91}.MinSizeRel|x64.Build.0 = MinSizeRel|x64
		{2AF3E532-DFAF-3E12-AF85-272A2575DD91}.RelWithDebInfo|x64.ActiveCfg = RelWithDebInfo|x64
		{2AF3E532-DFAF-3E12-AF85-272A2575DD91}.RelWithDebInfo|x64.Build.0 = RelWithDebInfo|x64
		{DE77D7C0-3F86-3B08-B53E-5054552D4A94}.Debug|x64.ActiveCfg = Debug|x64
		{DE77D7C0-3F86-3B08-B53E-5054552D4A94}.Debug|x64.Build.0 = Debug|x64
		{DE77D7C0-3F86-3B08-B53E-5054552D4A94}.Release|x64.ActiveCfg = Release|x64
		{DE77D7C0-3F86-3B08-B53E-5054552D4A94}.Release|x64.Build.0 = Release|x64
		{DE77D7C0-3F86-3B08-B53E-5054552D4A94}.MinSizeRel|x64.ActiveCfg = MinSizeRel|x64
		{DE77D7C0-3F86-3B08-B53E-5054552D4A94}.MinSizeRel|x64.Build.0 = MinSizeRel|x64
		{DE77D7C0-3F86-3B08-B53E-5054552D4A94}.RelWithDebInfo|x64.ActiveCfg = RelWithDebInfo|x64
		{DE77D7C0-3F86-3B08-B53E-5054552D4A94}.RelWithDebInfo|x64.Build.0 = RelWithDebInfo|x64
		{71EBC2EE-2D91-3286-98D9-B5DA0036EC27}.Debug|x64.ActiveCfg = Debug|x64
		{71EBC2EE-2D91-3286-98D9-B5DA0036EC27}.Debug|x64.Build.0 = Debug|x64
		{71EBC2EE-2D91-3286-98D9-B5DA0036EC27}.Release|x64.ActiveCfg = Release|x64
		{71EBC2EE-2D91-3286-98D9-B5DA0036EC27}.Release|x64.Build.0 = Release|x64
		{71EBC2EE-2D91-3286-98D9-B5DA0036EC27}.MinSizeRel|x64.ActiveCfg = MinSizeRel|x64
		{71EBC2EE-2D91-3286-98D9-B5DA0036EC27}.MinSizeRel|x64.Build.0 = MinSizeRel|x64
		{71EBC2EE-2D91-3286-98D9-B5DA0036EC27}.RelWithDebInfo|x64.ActiveCfg = RelWithDebInfo|x64
		{71EBC2EE-2D91-3286-98D9-B5DA0036EC27}.RelWithDebInfo|x64.Build.0 = RelWithDebInfo|x64
		{03621E3B-A833-38B5-BB09-D0E1741EF3BA}.Debug|x64.ActiveCfg = Debug|x64
		{03621E3B-A833-38B5-BB09-D0E1741EF3BA}.Debug|x64.Build.0 = Debug|x64
		{03621E3B-A833-38B5-BB09-D0E1741EF3BA}.Release|x64.ActiveCfg = Release|x64
		{03621E3B-A833-38B5-BB09-D0E1741EF3BA}.Release|x64.Build.0 = Release|x64
		{03621E3B-A833-38B5-BB09-D0E1741EF3BA}.MinSizeRel|x64.ActiveCfg = MinSizeRel|x64
		{03621E3B-A833-38B5-BB09-D0E1741EF3BA}.MinSizeRel|x64.Build.0 = MinSizeRel|x64
		{03621E3B-A833-38B5-BB09-D0E1741EF3BA}.RelWithDebInfo|x64.ActiveCfg = RelWithDebInfo|x64
		{03621E3B-A833-38B5-BB09-D0E1741EF3BA}.RelWithDebInfo|x64.Build.0 = RelWithDebInfo|x64
	EndGlobalSection
	GlobalSection(ExtensibilityGlobals) = postSolution
		SolutionGuid = {F1154C7A-D58E-381A-8D18-F08193A6B6B7}
	EndGlobalSection
	GlobalSection(ExtensibilityAddIns) = postSolution
	EndGlobalSection
EndGlobal
