
Microsoft Visual Studio Solution File, Format Version 12.00
# Visual Studio Version 17
Project("{8BC9CEB8-8B4A-11D0-8D11-00A0C91BC942}") = "ALL_BUILD", "ALL_BUILD.vcxproj", "{672BAB38-7474-3FFD-9385-4AB173E7BC1A}"
	ProjectSection(ProjectDependencies) = postProject
		{DC4DBEBE-D46E-3850-88D3-691880DF6C1C} = {DC4DBEBE-D46E-3850-88D3-691880DF6C1C}
		{CDD38058-17F7-3F64-829A-1E7058861D77} = {CDD38058-17F7-3F64-829A-1E7058861D77}
		{E11906FC-ACA7-3AE8-95FC-98012ED8EAD6} = {E11906FC-ACA7-3AE8-95FC-98012ED8EAD6}
		{F96FC7A5-ADFD-3C0D-9926-4D7A078F4D05} = {F96FC7A5-ADFD-3C0D-9926-4D7A078F4D05}
		{B6174421-08BD-320A-A170-2CA20ABA7C60} = {B6174421-08BD-320A-A170-2CA20ABA7C60}
		{B8C974B0-9EC6-3AC6-9E26-ED15374CB2B4} = {B8C974B0-9EC6-3AC6-9E26-ED15374CB2B4}
	EndProjectSection
EndProject
Project("{8BC9CEB8-8B4A-11D0-8D11-00A0C91BC942}") = "INSTALL", "INSTALL.vcxproj", "{4AC986B9-B33D-3F84-AB24-B968F6A4BF8E}"
	ProjectSection(ProjectDependencies) = postProject
		{672BAB38-7474-3FFD-9385-4AB173E7BC1A} = {672BAB38-7474-3FFD-9385-4AB173E7BC1A}
		{DC4DBEBE-D46E-3850-88D3-691880DF6C1C} = {DC4DBEBE-D46E-3850-88D3-691880DF6C1C}
	EndProjectSection
EndProject
Project("{8BC9CEB8-8B4A-11D0-8D11-00A0C91BC942}") = "ZERO_CHECK", "ZERO_CHECK.vcxproj", "{DC4DBEBE-D46E-3850-88D3-691880DF6C1C}"
	ProjectSection(ProjectDependencies) = postProject
	EndProjectSection
EndProject
Project("{8BC9CEB8-8B4A-11D0-8D11-00A0C91BC942}") = "gmock", "googletest\googlemock\gmock.vcxproj", "{CDD38058-17F7-3F64-829A-1E7058861D77}"
	ProjectSection(ProjectDependencies) = postProject
		{DC4DBEBE-D46E-3850-88D3-691880DF6C1C} = {DC4DBEBE-D46E-3850-88D3-691880DF6C1C}
	EndProjectSection
EndProject
Project("{8BC9CEB8-8B4A-11D0-8D11-00A0C91BC942}") = "gmock_main", "googletest\googlemock\gmock_main.vcxproj", "{E11906FC-ACA7-3AE8-95FC-98012ED8EAD6}"
	ProjectSection(ProjectDependencies) = postProject
		{DC4DBEBE-D46E-3850-88D3-691880DF6C1C} = {DC4DBEBE-D46E-3850-88D3-691880DF6C1C}
	EndProjectSection
EndProject
Project("{8BC9CEB8-8B4A-11D0-8D11-00A0C91BC942}") = "gtest", "googletest\googletest\gtest.vcxproj", "{F96FC7A5-ADFD-3C0D-9926-4D7A078F4D05}"
	ProjectSection(ProjectDependencies) = postProject
		{DC4DBEBE-D46E-3850-88D3-691880DF6C1C} = {DC4DBEBE-D46E-3850-88D3-691880DF6C1C}
	EndProjectSection
EndProject
Project("{8BC9CEB8-8B4A-11D0-8D11-00A0C91BC942}") = "gtest_main", "googletest\googletest\gtest_main.vcxproj", "{B6174421-08BD-320A-A170-2CA20ABA7C60}"
	ProjectSection(ProjectDependencies) = postProject
		{DC4DBEBE-D46E-3850-88D3-691880DF6C1C} = {DC4DBEBE-D46E-3850-88D3-691880DF6C1C}
		{F96FC7A5-ADFD-3C0D-9926-4D7A078F4D05} = {F96FC7A5-ADFD-3C0D-9926-4D7A078F4D05}
	EndProjectSection
EndProject
Project("{8BC9CEB8-8B4A-11D0-8D11-00A0C91BC942}") = "test", "test.vcxproj", "{B8C974B0-9EC6-3AC6-9E26-ED15374CB2B4}"
	ProjectSection(ProjectDependencies) = postProject
		{DC4DBEBE-D46E-3850-88D3-691880DF6C1C} = {DC4DBEBE-D46E-3850-88D3-691880DF6C1C}
		{F96FC7A5-ADFD-3C0D-9926-4D7A078F4D05} = {F96FC7A5-ADFD-3C0D-9926-4D7A078F4D05}
	EndProjectSection
EndProject
Global
	GlobalSection(SolutionConfigurationPlatforms) = preSolution
		Debug|x64 = Debug|x64
		Release|x64 = Release|x64
		MinSizeRel|x64 = MinSizeRel|x64
		RelWithDebInfo|x64 = RelWithDebInfo|x64
	EndGlobalSection
	GlobalSection(ProjectConfigurationPlatforms) = postSolution
		{672BAB38-7474-3FFD-9385-4AB173E7BC1A}.Debug|x64.ActiveCfg = Debug|x64
		{672BAB38-7474-3FFD-9385-4AB173E7BC1A}.Debug|x64.Build.0 = Debug|x64
		{672BAB38-7474-3FFD-9385-4AB173E7BC1A}.Release|x64.ActiveCfg = Release|x64
		{672BAB38-7474-3FFD-9385-4AB173E7BC1A}.Release|x64.Build.0 = Release|x64
		{672BAB38-7474-3FFD-9385-4AB173E7BC1A}.MinSizeRel|x64.ActiveCfg = MinSizeRel|x64
		{672BAB38-7474-3FFD-9385-4AB173E7BC1A}.MinSizeRel|x64.Build.0 = MinSizeRel|x64
		{672BAB38-7474-3FFD-9385-4AB173E7BC1A}.RelWithDebInfo|x64.ActiveCfg = RelWithDebInfo|x64
		{672BAB38-7474-3FFD-9385-4AB173E7BC1A}.RelWithDebInfo|x64.Build.0 = RelWithDebInfo|x64
		{4AC986B9-B33D-3F84-AB24-B968F6A4BF8E}.Debug|x64.ActiveCfg = Debug|x64
		{4AC986B9-B33D-3F84-AB24-B968F6A4BF8E}.Release|x64.ActiveCfg = Release|x64
		{4AC986B9-B33D-3F84-AB24-B968F6A4BF8E}.MinSizeRel|x64.ActiveCfg = MinSizeRel|x64
		{4AC986B9-B33D-3F84-AB24-B968F6A4BF8E}.RelWithDebInfo|x64.ActiveCfg = RelWithDebInfo|x64
		{DC4DBEBE-D46E-3850-88D3-691880DF6C1C}.Debug|x64.ActiveCfg = Debug|x64
		{DC4DBEBE-D46E-3850-88D3-691880DF6C1C}.Debug|x64.Build.0 = Debug|x64
		{DC4DBEBE-D46E-3850-88D3-691880DF6C1C}.Release|x64.ActiveCfg = Release|x64
		{DC4DBEBE-D46E-3850-88D3-691880DF6C1C}.Release|x64.Build.0 = Release|x64
		{DC4DBEBE-D46E-3850-88D3-691880DF6C1C}.MinSizeRel|x64.ActiveCfg = MinSizeRel|x64
		{DC4DBEBE-D46E-3850-88D3-691880DF6C1C}.MinSizeRel|x64.Build.0 = MinSizeRel|x64
		{DC4DBEBE-D46E-3850-88D3-691880DF6C1C}.RelWithDebInfo|x64.ActiveCfg = RelWithDebInfo|x64
		{DC4DBEBE-D46E-3850-88D3-691880DF6C1C}.RelWithDebInfo|x64.Build.0 = RelWithDebInfo|x64
		{CDD38058-17F7-3F64-829A-1E7058861D77}.Debug|x64.ActiveCfg = Debug|x64
		{CDD38058-17F7-3F64-829A-1E7058861D77}.Debug|x64.Build.0 = Debug|x64
		{CDD38058-17F7-3F64-829A-1E7058861D77}.Release|x64.ActiveCfg = Release|x64
		{CDD38058-17F7-3F64-829A-1E7058861D77}.Release|x64.Build.0 = Release|x64
		{CDD38058-17F7-3F64-829A-1E7058861D77}.MinSizeRel|x64.ActiveCfg = MinSizeRel|x64
		{CDD38058-17F7-3F64-829A-1E7058861D77}.MinSizeRel|x64.Build.0 = MinSizeRel|x64
		{CDD38058-17F7-3F64-829A-1E7058861D77}.RelWithDebInfo|x64.ActiveCfg = RelWithDebInfo|x64
		{CDD38058-17F7-3F64-829A-1E7058861D77}.RelWithDebInfo|x64.Build.0 = RelWithDebInfo|x64
		{E11906FC-ACA7-3AE8-95FC-98012ED8EAD6}.Debug|x64.ActiveCfg = Debug|x64
		{E11906FC-ACA7-3AE8-95FC-98012ED8EAD6}.Debug|x64.Build.0 = Debug|x64
		{E11906FC-ACA7-3AE8-95FC-98012ED8EAD6}.Release|x64.ActiveCfg = Release|x64
		{E11906FC-ACA7-3AE8-95FC-98012ED8EAD6}.Release|x64.Build.0 = Release|x64
		{E11906FC-ACA7-3AE8-95FC-98012ED8EAD6}.MinSizeRel|x64.ActiveCfg = MinSizeRel|x64
		{E11906FC-ACA7-3AE8-95FC-98012ED8EAD6}.MinSizeRel|x64.Build.0 = MinSizeRel|x64
		{E11906FC-ACA7-3AE8-95FC-98012ED8EAD6}.RelWithDebInfo|x64.ActiveCfg = RelWithDebInfo|x64
		{E11906FC-ACA7-3AE8-95FC-98012ED8EAD6}.RelWithDebInfo|x64.Build.0 = RelWithDebInfo|x64
		{F96FC7A5-ADFD-3C0D-9926-4D7A078F4D05}.Debug|x64.ActiveCfg = Debug|x64
		{F96FC7A5-ADFD-3C0D-9926-4D7A078F4D05}.Debug|x64.Build.0 = Debug|x64
		{F96FC7A5-ADFD-3C0D-9926-4D7A078F4D05}.Release|x64.ActiveCfg = Release|x64
		{F96FC7A5-ADFD-3C0D-9926-4D7A078F4D05}.Release|x64.Build.0 = Release|x64
		{F96FC7A5-ADFD-3C0D-9926-4D7A078F4D05}.MinSizeRel|x64.ActiveCfg = MinSizeRel|x64
		{F96FC7A5-ADFD-3C0D-9926-4D7A078F4D05}.MinSizeRel|x64.Build.0 = MinSizeRel|x64
		{F96FC7A5-ADFD-3C0D-9926-4D7A078F4D05}.RelWithDebInfo|x64.ActiveCfg = RelWithDebInfo|x64
		{F96FC7A5-ADFD-3C0D-9926-4D7A078F4D05}.RelWithDebInfo|x64.Build.0 = RelWithDebInfo|x64
		{B6174421-08BD-320A-A170-2CA20ABA7C60}.Debug|x64.ActiveCfg = Debug|x64
		{B6174421-08BD-320A-A170-2CA20ABA7C60}.Debug|x64.Build.0 = Debug|x64
		{B6174421-08BD-320A-A170-2CA20ABA7C60}.Release|x64.ActiveCfg = Release|x64
		{B6174421-08BD-320A-A170-2CA20ABA7C60}.Release|x64.Build.0 = Release|x64
		{B6174421-08BD-320A-A170-2CA20ABA7C60}.MinSizeRel|x64.ActiveCfg = MinSizeRel|x64
		{B6174421-08BD-320A-A170-2CA20ABA7C60}.MinSizeRel|x64.Build.0 = MinSizeRel|x64
		{B6174421-08BD-320A-A170-2CA20ABA7C60}.RelWithDebInfo|x64.ActiveCfg = RelWithDebInfo|x64
		{B6174421-08BD-320A-A170-2CA20ABA7C60}.RelWithDebInfo|x64.Build.0 = RelWithDebInfo|x64
		{B8C974B0-9EC6-3AC6-9E26-ED15374CB2B4}.Debug|x64.ActiveCfg = Debug|x64
		{B8C974B0-9EC6-3AC6-9E26-ED15374CB2B4}.Debug|x64.Build.0 = Debug|x64
		{B8C974B0-9EC6-3AC6-9E26-ED15374CB2B4}.Release|x64.ActiveCfg = Release|x64
		{B8C974B0-9EC6-3AC6-9E26-ED15374CB2B4}.Release|x64.Build.0 = Release|x64
		{B8C974B0-9EC6-3AC6-9E26-ED15374CB2B4}.MinSizeRel|x64.ActiveCfg = MinSizeRel|x64
		{B8C974B0-9EC6-3AC6-9E26-ED15374CB2B4}.MinSizeRel|x64.Build.0 = MinSizeRel|x64
		{B8C974B0-9EC6-3AC6-9E26-ED15374CB2B4}.RelWithDebInfo|x64.ActiveCfg = RelWithDebInfo|x64
		{B8C974B0-9EC6-3AC6-9E26-ED15374CB2B4}.RelWithDebInfo|x64.Build.0 = RelWithDebInfo|x64
	EndGlobalSection
	GlobalSection(ExtensibilityGlobals) = postSolution
		SolutionGuid = {83DE45F5-6D74-367D-A277-8CD6DBF2BA94}
	EndGlobalSection
	GlobalSection(ExtensibilityAddIns) = postSolution
	EndGlobalSection
EndGlobal
